
Microsoft Visual Studio Solution File, Format Version 12.00
# Visual Studio Version 16
VisualStudioVersion = 16.0.31702.278
MinimumVisualStudioVersion = 10.0.40219.1
Project("{FAE04EC0-301F-11D3-BF4B-00C04F79EFBC}") = "AddressBook", "AddressBook.csproj", "{8019AB7B-420F-4011-B8AC-5C85330EAE08}"
EndProject
Global
	GlobalSection(SolutionConfigurationPlatforms) = preSolution
		Debug|Any CPU = Debug|Any CPU
		Release|Any CPU = Release|Any CPU
	EndGlobalSection
	GlobalSection(ProjectConfigurationPlatforms) = postSolution
		{8019AB7B-420F-4011-B8AC-5C85330EAE08}.Debug|Any CPU.ActiveCfg = Debug|Any CPU
		{8019AB7B-420F-4011-B8AC-5C85330EAE08}.Debug|Any CPU.Build.0 = Debug|Any CPU
		{8019AB7B-420F-4011-B8AC-5C85330EAE08}.Release|Any CPU.ActiveCfg = Release|Any CPU
		{8019AB7B-420F-4011-B8AC-5C85330EAE08}.Release|Any CPU.Build.0 = Release|Any CPU
	EndGlobalSection
	GlobalSection(SolutionProperties) = preSolution
		HideSolutionNode = FALSE
	EndGlobalSection
	GlobalSection(ExtensibilityGlobals) = postSolution
		SolutionGuid = {3E27869B-FCB7-4470-BCF7-65E0727C1437}
	EndGlobalSection
EndGlobal
